
Microsoft Visual Studio Solution File, Format Version 12.00
# Visual Studio Version 17
VisualStudioVersion = 17.0.32112.339
MinimumVisualStudioVersion = 10.0.40219.1
Project("{2150E333-8FDC-42A3-9474-1A3956D46DE8}") = "Integration", "Integration", "{64FE444F-1FCB-4B0B-A816-8E53154F158E}"
EndProject
Project("{2150E333-8FDC-42A3-9474-1A3956D46DE8}") = "Microservices", "Microservices", "{F84C2001-860C-45D2-BA54-E5AB77618B8E}"
EndProject
Project("{2150E333-8FDC-42A3-9474-1A3956D46DE8}") = "Projects", "Projects", "{E961C277-FCA9-437B-A7DF-2471DA4E5DFE}"
EndProject
Project("{2150E333-8FDC-42A3-9474-1A3956D46DE8}") = "Security", "Security", "{41804FC5-65BB-4A56-B7E2-E44A071AD80E}"
EndProject
Project("{2150E333-8FDC-42A3-9474-1A3956D46DE8}") = "Account", "Account", "{257B1D8C-DFD4-4B8C-B789-65EF2BF82304}"
EndProject
Project("{2150E333-8FDC-42A3-9474-1A3956D46DE8}") = "Deposit", "Deposit", "{97D1534B-5773-4B7C-9562-9D9A0808F961}"
EndProject
Project("{2150E333-8FDC-42A3-9474-1A3956D46DE8}") = "Withdrawal", "Withdrawal", "{EFC0EBE9-D1A6-4629-BD83-BBD0A3B7941F}"
EndProject
Project("{2150E333-8FDC-42A3-9474-1A3956D46DE8}") = "History", "History", "{2AD728A8-31DC-42F8-9109-3C395E41DC58}"
EndProject
Project("{2150E333-8FDC-42A3-9474-1A3956D46DE8}") = "Notification", "Notification", "{DB5EF928-6600-4029-890A-4C0E896936BC}"
EndProject
Project("{9A19103F-16F7-4668-BE54-9A1E7A4F7556}") = "MS.AFORO255.Security", "MS.AFORO255.Security\MS.AFORO255.Security.csproj", "{B1DA3B53-3012-4DFA-A592-A9D3A11DCF04}"
EndProject
Project("{9A19103F-16F7-4668-BE54-9A1E7A4F7556}") = "MS.AFORO255.Account", "MS.AFORO255.Account\MS.AFORO255.Account.csproj", "{E63C8E8C-5AE4-4FA7-9529-A48DB419C3DD}"
EndProject
Project("{9A19103F-16F7-4668-BE54-9A1E7A4F7556}") = "MS.AFORO255.Deposit", "MS.AFORO255.Deposit\MS.AFORO255.Deposit.csproj", "{7D339E52-E272-4389-AB96-17F4EAC9E593}"
EndProject
Project("{9A19103F-16F7-4668-BE54-9A1E7A4F7556}") = "MS.AFORO255.History", "MS.AFORO255.History\MS.AFORO255.History.csproj", "{1FF61CBE-D865-408D-9F83-38A85DFCCF54}"
EndProject
Project("{9A19103F-16F7-4668-BE54-9A1E7A4F7556}") = "MS.AFORO255.Notification", "MS.AFORO255.Notification\MS.AFORO255.Notification.csproj", "{891B5045-07F7-4E16-A6F4-1EA81E371E4A}"
EndProject
Project("{9A19103F-16F7-4668-BE54-9A1E7A4F7556}") = "MS.AFORO255.Withdrawal", "MS.AFORO255.Withdrawal\MS.AFORO255.Withdrawal.csproj", "{3B85923F-8DA3-4DB6-A968-C551E76B0CEC}"
EndProject
Project("{2150E333-8FDC-42A3-9474-1A3956D46DE8}") = "Scripts", "Scripts", "{5617A35F-56CC-4973-8F8D-EB4BF41371B6}"
	ProjectSection(SolutionItems) = preProject
		docker-compose-databases.yml = docker-compose-databases.yml
		docker-compose-services.yml = docker-compose-services.yml
	EndProjectSection
EndProject
Project("{FAE04EC0-301F-11D3-BF4B-00C04F79EFBC}") = "MS.AFORO255.Gateway", "MS.AFORO255.Gateway\MS.AFORO255.Gateway.csproj", "{DAEA1031-66F1-4C89-9450-50E296034B67}"
EndProject
Global
	GlobalSection(SolutionConfigurationPlatforms) = preSolution
		Debug|Any CPU = Debug|Any CPU
		Release|Any CPU = Release|Any CPU
	EndGlobalSection
	GlobalSection(ProjectConfigurationPlatforms) = postSolution
		{B1DA3B53-3012-4DFA-A592-A9D3A11DCF04}.Debug|Any CPU.ActiveCfg = Debug|Any CPU
		{B1DA3B53-3012-4DFA-A592-A9D3A11DCF04}.Debug|Any CPU.Build.0 = Debug|Any CPU
		{B1DA3B53-3012-4DFA-A592-A9D3A11DCF04}.Release|Any CPU.ActiveCfg = Release|Any CPU
		{B1DA3B53-3012-4DFA-A592-A9D3A11DCF04}.Release|Any CPU.Build.0 = Release|Any CPU
		{E63C8E8C-5AE4-4FA7-9529-A48DB419C3DD}.Debug|Any CPU.ActiveCfg = Debug|Any CPU
		{E63C8E8C-5AE4-4FA7-9529-A48DB419C3DD}.Debug|Any CPU.Build.0 = Debug|Any CPU
		{E63C8E8C-5AE4-4FA7-9529-A48DB419C3DD}.Release|Any CPU.ActiveCfg = Release|Any CPU
		{E63C8E8C-5AE4-4FA7-9529-A48DB419C3DD}.Release|Any CPU.Build.0 = Release|Any CPU
		{7D339E52-E272-4389-AB96-17F4EAC9E593}.Debug|Any CPU.ActiveCfg = Debug|Any CPU
		{7D339E52-E272-4389-AB96-17F4EAC9E593}.Debug|Any CPU.Build.0 = Debug|Any CPU
		{7D339E52-E272-4389-AB96-17F4EAC9E593}.Release|Any CPU.ActiveCfg = Release|Any CPU
		{7D339E52-E272-4389-AB96-17F4EAC9E593}.Release|Any CPU.Build.0 = Release|Any CPU
		{1FF61CBE-D865-408D-9F83-38A85DFCCF54}.Debug|Any CPU.ActiveCfg = Debug|Any CPU
		{1FF61CBE-D865-408D-9F83-38A85DFCCF54}.Debug|Any CPU.Build.0 = Debug|Any CPU
		{1FF61CBE-D865-408D-9F83-38A85DFCCF54}.Release|Any CPU.ActiveCfg = Release|Any CPU
		{1FF61CBE-D865-408D-9F83-38A85DFCCF54}.Release|Any CPU.Build.0 = Release|Any CPU
		{891B5045-07F7-4E16-A6F4-1EA81E371E4A}.Debug|Any CPU.ActiveCfg = Debug|Any CPU
		{891B5045-07F7-4E16-A6F4-1EA81E371E4A}.Debug|Any CPU.Build.0 = Debug|Any CPU
		{891B5045-07F7-4E16-A6F4-1EA81E371E4A}.Release|Any CPU.ActiveCfg = Release|Any CPU
		{891B5045-07F7-4E16-A6F4-1EA81E371E4A}.Release|Any CPU.Build.0 = Release|Any CPU
		{3B85923F-8DA3-4DB6-A968-C551E76B0CEC}.Debug|Any CPU.ActiveCfg = Debug|Any CPU
		{3B85923F-8DA3-4DB6-A968-C551E76B0CEC}.Debug|Any CPU.Build.0 = Debug|Any CPU
		{3B85923F-8DA3-4DB6-A968-C551E76B0CEC}.Release|Any CPU.ActiveCfg = Release|Any CPU
		{3B85923F-8DA3-4DB6-A968-C551E76B0CEC}.Release|Any CPU.Build.0 = Release|Any CPU
		{DAEA1031-66F1-4C89-9450-50E296034B67}.Debug|Any CPU.ActiveCfg = Debug|Any CPU
		{DAEA1031-66F1-4C89-9450-50E296034B67}.Debug|Any CPU.Build.0 = Debug|Any CPU
		{DAEA1031-66F1-4C89-9450-50E296034B67}.Release|Any CPU.ActiveCfg = Release|Any CPU
		{DAEA1031-66F1-4C89-9450-50E296034B67}.Release|Any CPU.Build.0 = Release|Any CPU
	EndGlobalSection
	GlobalSection(SolutionProperties) = preSolution
		HideSolutionNode = FALSE
	EndGlobalSection
	GlobalSection(NestedProjects) = preSolution
		{F84C2001-860C-45D2-BA54-E5AB77618B8E} = {E961C277-FCA9-437B-A7DF-2471DA4E5DFE}
		{41804FC5-65BB-4A56-B7E2-E44A071AD80E} = {F84C2001-860C-45D2-BA54-E5AB77618B8E}
		{257B1D8C-DFD4-4B8C-B789-65EF2BF82304} = {F84C2001-860C-45D2-BA54-E5AB77618B8E}
		{97D1534B-5773-4B7C-9562-9D9A0808F961} = {F84C2001-860C-45D2-BA54-E5AB77618B8E}
		{EFC0EBE9-D1A6-4629-BD83-BBD0A3B7941F} = {F84C2001-860C-45D2-BA54-E5AB77618B8E}
		{2AD728A8-31DC-42F8-9109-3C395E41DC58} = {F84C2001-860C-45D2-BA54-E5AB77618B8E}
		{DB5EF928-6600-4029-890A-4C0E896936BC} = {F84C2001-860C-45D2-BA54-E5AB77618B8E}
		{B1DA3B53-3012-4DFA-A592-A9D3A11DCF04} = {41804FC5-65BB-4A56-B7E2-E44A071AD80E}
		{E63C8E8C-5AE4-4FA7-9529-A48DB419C3DD} = {257B1D8C-DFD4-4B8C-B789-65EF2BF82304}
		{7D339E52-E272-4389-AB96-17F4EAC9E593} = {97D1534B-5773-4B7C-9562-9D9A0808F961}
		{1FF61CBE-D865-408D-9F83-38A85DFCCF54} = {2AD728A8-31DC-42F8-9109-3C395E41DC58}
		{891B5045-07F7-4E16-A6F4-1EA81E371E4A} = {DB5EF928-6600-4029-890A-4C0E896936BC}
		{3B85923F-8DA3-4DB6-A968-C551E76B0CEC} = {EFC0EBE9-D1A6-4629-BD83-BBD0A3B7941F}
		{DAEA1031-66F1-4C89-9450-50E296034B67} = {64FE444F-1FCB-4B0B-A816-8E53154F158E}
	EndGlobalSection
	GlobalSection(ExtensibilityGlobals) = postSolution
		SolutionGuid = {13BBE3D7-3217-44AE-BEE0-A29C2991ADE4}
	EndGlobalSection
EndGlobal
